
Microsoft Visual Studio Solution File, Format Version 12.00
# Visual Studio Version 16
VisualStudioVersion = 16.0.31005.135
MinimumVisualStudioVersion = 10.0.40219.1
Project("{FAE04EC0-301F-11D3-BF4B-00C04F79EFBC}") = "CBG_Xamarin", "CBG_Xamarin.csproj", "{97B96E7E-92AF-4555-8052-D84FEE632857}"
EndProject
Global
	GlobalSection(SolutionConfigurationPlatforms) = preSolution
		Debug|Any CPU = Debug|Any CPU
		Release|Any CPU = Release|Any CPU
	EndGlobalSection
	GlobalSection(ProjectConfigurationPlatforms) = postSolution
		{97B96E7E-92AF-4555-8052-D84FEE632857}.Debug|Any CPU.ActiveCfg = Debug|Any CPU
		{97B96E7E-92AF-4555-8052-D84FEE632857}.Debug|Any CPU.Build.0 = Debug|Any CPU
		{97B96E7E-92AF-4555-8052-D84FEE632857}.Debug|Any CPU.Deploy.0 = Debug|Any CPU
		{97B96E7E-92AF-4555-8052-D84FEE632857}.Release|Any CPU.ActiveCfg = Release|Any CPU
		{97B96E7E-92AF-4555-8052-D84FEE632857}.Release|Any CPU.Build.0 = Release|Any CPU
		{97B96E7E-92AF-4555-8052-D84FEE632857}.Release|Any CPU.Deploy.0 = Release|Any CPU
	EndGlobalSection
	GlobalSection(SolutionProperties) = preSolution
		HideSolutionNode = FALSE
	EndGlobalSection
	GlobalSection(ExtensibilityGlobals) = postSolution
		SolutionGuid = {512A00A6-55AE-4CE8-BED0-DD3315C76023}
	EndGlobalSection
EndGlobal
